PODS:
  - AFNetworking (2.2.1):
    - AFNetworking/NSURLConnection
    - AFNetworking/NSURLSession
    - AFNetworking/Reachability
    - AFNetworking/Security
    - AFNetworking/Serialization
    - AFNetworking/UIKit
  - AFNetworking/NSURLConnection (2.2.1):
    - AFNetworking/Reachability
    - AFNetworking/Security
    - AFNetworking/Serialization
  - AFNetworking/NSURLSession (2.2.1):
    - AFNetworking/NSURLConnection
  - AFNetworking/Reachability (2.2.1)
  - AFNetworking/Security (2.2.1)
  - AFNetworking/Serialization (2.2.1)
  - AFNetworking/UIKit (2.2.1):
    - AFNetworking/NSURLConnection
    - AFNetworking/NSURLSession
  - DACircularProgress (2.2.0)
  - DTCoreText (1.6.11):
    - DTFoundation/Core (~> 1.6.1)
    - DTFoundation/DTHTMLParser (~> 1.6.1)
    - DTFoundation/UIKit (~> 1.6.1)
  - DTFoundation/Core (1.6.3)
  - DTFoundation/DTHTMLParser (1.6.3):
    - DTFoundation/Core
  - DTFoundation/UIKit (1.6.3):
    - DTFoundation/Core
  - ECSlidingViewController (2.0.1)
  - Google-Maps-iOS-SDK (1.7.2)
  - MBProgressHUD (0.8)
  - MKNetworkKit (0.87):
    - Reachability (~> 3.1.0)
  - MWPhotoBrowser (1.4.0):
    - DACircularProgress
    - MBProgressHUD (~> 0.8)
    - PSTCollectionView (~> 1.2)
    - SDWebImage (~> 3.5.4)
  - PSTCollectionView (1.2.1)
  - Reachability (3.1.1)
  - SDWebImage (3.5.4):
    - SDWebImage/Core
  - SDWebImage/Core (3.5.4)

DEPENDENCIES:
  - AFNetworking (~> 2.0)
  - DTCoreText
  - ECSlidingViewController (~> 2.0.1)
  - Google-Maps-iOS-SDK
  - MKNetworkKit
  - MWPhotoBrowser

SPEC CHECKSUMS:
  AFNetworking: 8dde8c8a6597ad95dac332a593c27e541bc87371
  DACircularProgress: 3b41941891a56dc6aa17971f5322a9a38a6f446e
  DTCoreText: 6bbe9de74e9168b9199d0fd7a4d5da82df1f4897
  DTFoundation: d8a7f570a0f89c5a81661e6537289c578f4f97a8
  ECSlidingViewController: e93ab7e075fc9a99a874fa050ce3b2a64026eb85
  Google-Maps-iOS-SDK: bc3c49c73959c510cb0d339789fd3bd3bc5474d3
  MBProgressHUD: c356980b0cd097f19acec959b49dca5eb8ec31be
  MKNetworkKit: 83e6296a8d42e98a71880424a889773654846d74
  MWPhotoBrowser: 4efcdb9da34751f97992128a5356f3929d1af537
  PSTCollectionView: a63299550ad566b579479d07cb5e2bf61148686b
  Reachability: 8e9635e3cb4f98e7f825e51147f677ecc694d0e7
  SDWebImage: 571295c8acbb699505a0f68e54506147c3de9ea7

COCOAPODS: 0.33.1
